Microsoft Visual Studio Solution File, Format Version 12.00
# Visual Studio 16
Project("{2150E333-8FDC-42A3-9474-1A3956D46DE8}") = "CMakePredefinedTargets", "CMakePredefinedTargets", "{0E0692D3-F4EE-3908-8671-7F4D5BA6D620}"
EndProject
Project("{2150E333-8FDC-42A3-9474-1A3956D46DE8}") = "GLFW3", "GLFW3", "{94500BE3-8EC3-356E-BF92-CEE6F91C11D7}"
EndProject
Project("{8BC9CEB8-8B4A-11D0-8D11-00A0C91BC942}") = "ALL_BUILD", "ALL_BUILD.vcxproj", "{1184CA2D-177F-3240-AFF6-833C55895A05}"
	ProjectSection(ProjectDependencies) = postProject
		{B8BD762A-4597-32CE-B93C-3AC6CF2EEB40} = {B8BD762A-4597-32CE-B93C-3AC6CF2EEB40}
		{7CCF530C-CEF2-301F-9860-6A3513386F23} = {7CCF530C-CEF2-301F-9860-6A3513386F23}
	EndProjectSection
EndProject
Project("{8BC9CEB8-8B4A-11D0-8D11-00A0C91BC942}") = "INSTALL", "INSTALL.vcxproj", "{5E1AF63F-0991-37C7-A12F-96AD8A689FA8}"
	ProjectSection(ProjectDependencies) = postProject
		{1184CA2D-177F-3240-AFF6-833C55895A05} = {1184CA2D-177F-3240-AFF6-833C55895A05}
		{B8BD762A-4597-32CE-B93C-3AC6CF2EEB40} = {B8BD762A-4597-32CE-B93C-3AC6CF2EEB40}
	EndProjectSection
EndProject
Project("{8BC9CEB8-8B4A-11D0-8D11-00A0C91BC942}") = "ZERO_CHECK", "ZERO_CHECK.vcxproj", "{B8BD762A-4597-32CE-B93C-3AC6CF2EEB40}"
	ProjectSection(ProjectDependencies) = postProject
	EndProjectSection
EndProject
Project("{8BC9CEB8-8B4A-11D0-8D11-00A0C91BC942}") = "glfw", "src\glfw.vcxproj", "{7CCF530C-CEF2-301F-9860-6A3513386F23}"
	ProjectSection(ProjectDependencies) = postProject
		{B8BD762A-4597-32CE-B93C-3AC6CF2EEB40} = {B8BD762A-4597-32CE-B93C-3AC6CF2EEB40}
	EndProjectSection
EndProject
Project("{8BC9CEB8-8B4A-11D0-8D11-00A0C91BC942}") = "uninstall", "uninstall.vcxproj", "{99B64029-851F-32EE-8D18-792DCD7C44D4}"
	ProjectSection(ProjectDependencies) = postProject
		{B8BD762A-4597-32CE-B93C-3AC6CF2EEB40} = {B8BD762A-4597-32CE-B93C-3AC6CF2EEB40}
	EndProjectSection
EndProject
Global
	GlobalSection(SolutionConfigurationPlatforms) = preSolution
		Debug|x64 = Debug|x64
		Release|x64 = Release|x64
		MinSizeRel|x64 = MinSizeRel|x64
		RelWithDebInfo|x64 = RelWithDebInfo|x64
	EndGlobalSection
	GlobalSection(ProjectConfigurationPlatforms) = postSolution
		{1184CA2D-177F-3240-AFF6-833C55895A05}.Debug|x64.ActiveCfg = Debug|x64
		{1184CA2D-177F-3240-AFF6-833C55895A05}.Debug|x64.Build.0 = Debug|x64
		{1184CA2D-177F-3240-AFF6-833C55895A05}.Release|x64.ActiveCfg = Release|x64
		{1184CA2D-177F-3240-AFF6-833C55895A05}.Release|x64.Build.0 = Release|x64
		{1184CA2D-177F-3240-AFF6-833C55895A05}.MinSizeRel|x64.ActiveCfg = MinSizeRel|x64
		{1184CA2D-177F-3240-AFF6-833C55895A05}.MinSizeRel|x64.Build.0 = MinSizeRel|x64
		{1184CA2D-177F-3240-AFF6-833C55895A05}.RelWithDebInfo|x64.ActiveCfg = RelWithDebInfo|x64
		{1184CA2D-177F-3240-AFF6-833C55895A05}.RelWithDebInfo|x64.Build.0 = RelWithDebInfo|x64
		{5E1AF63F-0991-37C7-A12F-96AD8A689FA8}.Debug|x64.ActiveCfg = Debug|x64
		{5E1AF63F-0991-37C7-A12F-96AD8A689FA8}.Release|x64.ActiveCfg = Release|x64
		{5E1AF63F-0991-37C7-A12F-96AD8A689FA8}.MinSizeRel|x64.ActiveCfg = MinSizeRel|x64
		{5E1AF63F-0991-37C7-A12F-96AD8A689FA8}.RelWithDebInfo|x64.ActiveCfg = RelWithDebInfo|x64
		{B8BD762A-4597-32CE-B93C-3AC6CF2EEB40}.Debug|x64.ActiveCfg = Debug|x64
		{B8BD762A-4597-32CE-B93C-3AC6CF2EEB40}.Debug|x64.Build.0 = Debug|x64
		{B8BD762A-4597-32CE-B93C-3AC6CF2EEB40}.Release|x64.ActiveCfg = Release|x64
		{B8BD762A-4597-32CE-B93C-3AC6CF2EEB40}.Release|x64.Build.0 = Release|x64
		{B8BD762A-4597-32CE-B93C-3AC6CF2EEB40}.MinSizeRel|x64.ActiveCfg = MinSizeRel|x64
		{B8BD762A-4597-32CE-B93C-3AC6CF2EEB40}.MinSizeRel|x64.Build.0 = MinSizeRel|x64
		{B8BD762A-4597-32CE-B93C-3AC6CF2EEB40}.RelWithDebInfo|x64.ActiveCfg = RelWithDebInfo|x64
		{B8BD762A-4597-32CE-B93C-3AC6CF2EEB40}.RelWithDebInfo|x64.Build.0 = RelWithDebInfo|x64
		{7CCF530C-CEF2-301F-9860-6A3513386F23}.Debug|x64.ActiveCfg = Debug|x64
		{7CCF530C-CEF2-301F-9860-6A3513386F23}.Debug|x64.Build.0 = Debug|x64
		{7CCF530C-CEF2-301F-9860-6A3513386F23}.Release|x64.ActiveCfg = Release|x64
		{7CCF530C-CEF2-301F-9860-6A3513386F23}.Release|x64.Build.0 = Release|x64
		{7CCF530C-CEF2-301F-9860-6A3513386F23}.MinSizeRel|x64.ActiveCfg = MinSizeRel|x64
		{7CCF530C-CEF2-301F-9860-6A3513386F23}.MinSizeRel|x64.Build.0 = MinSizeRel|x64
		{7CCF530C-CEF2-301F-9860-6A3513386F23}.RelWithDebInfo|x64.ActiveCfg = RelWithDebInfo|x64
		{7CCF530C-CEF2-301F-9860-6A3513386F23}.RelWithDebInfo|x64.Build.0 = RelWithDebInfo|x64
		{99B64029-851F-32EE-8D18-792DCD7C44D4}.Debug|x64.ActiveCfg = Debug|x64
		{99B64029-851F-32EE-8D18-792DCD7C44D4}.Release|x64.ActiveCfg = Release|x64
		{99B64029-851F-32EE-8D18-792DCD7C44D4}.MinSizeRel|x64.ActiveCfg = MinSizeRel|x64
		{99B64029-851F-32EE-8D18-792DCD7C44D4}.RelWithDebInfo|x64.ActiveCfg = RelWithDebInfo|x64
	EndGlobalSection
	GlobalSection(NestedProjects) = preSolution
		{1184CA2D-177F-3240-AFF6-833C55895A05} = {0E0692D3-F4EE-3908-8671-7F4D5BA6D620}
		{5E1AF63F-0991-37C7-A12F-96AD8A689FA8} = {0E0692D3-F4EE-3908-8671-7F4D5BA6D620}
		{B8BD762A-4597-32CE-B93C-3AC6CF2EEB40} = {0E0692D3-F4EE-3908-8671-7F4D5BA6D620}
		{7CCF530C-CEF2-301F-9860-6A3513386F23} = {94500BE3-8EC3-356E-BF92-CEE6F91C11D7}
		{99B64029-851F-32EE-8D18-792DCD7C44D4} = {94500BE3-8EC3-356E-BF92-CEE6F91C11D7}
	EndGlobalSection
	GlobalSection(ExtensibilityGlobals) = postSolution
		SolutionGuid = {186990D5-8EED-345D-A8E7-6EA4B2073E11}
	EndGlobalSection
	GlobalSection(ExtensibilityAddIns) = postSolution
	EndGlobalSection
EndGlobal
