<?xml version="1.0" encoding="utf-8"?>
<Project ToolsVersion="16.0" xmlns="http://schemas.microsoft.com/developer/msbuild/2003">
  <ItemGroup>
    <CustomBuild Include="D:\Rasul\Projects\c++\doyt\dependencies\glfw\CMakeFiles\c1caa872770a3eb5f1b62b5e56c92b3d\generate.stamp.rule">
      <Filter>CMake Rules</Filter>
    </CustomBuild>
  </ItemGroup>
  <ItemGroup>
    <Filter Include="CMake Rules">
      <UniqueIdentifier>{B34489A7-03F3-3735-B097-05A42528D330}</UniqueIdentifier>
    </Filter>
  </ItemGroup>
</Project>
